
Microsoft Visual Studio Solution File, Format Version 12.00
# Visual Studio Version 17
VisualStudioVersion = 17.14.36203.30
MinimumVisualStudioVersion = 10.0.40219.1
Project("{2150E333-8FDC-42A3-9474-1A3956D46DE8}") = "Bootstrapper", "Bootstrapper", "{02EA681E-C7D8-13C7-8484-4AC65E1B71E8}"
EndProject
Project("{2150E333-8FDC-42A3-9474-1A3956D46DE8}") = "Modules", "Modules", "{E64B04EA-4635-4BD6-8758-7337FAA90795}"
EndProject
Project("{2150E333-8FDC-42A3-9474-1A3956D46DE8}") = "Shared", "Shared", "{D6C5A753-4229-4C6A-A853-0D6EC8238590}"
EndProject
Project("{FAE04EC0-301F-11D3-BF4B-00C04F79EFBC}") = "Api", "Bootstrapper\Api\Api.csproj", "{464109E1-D0BC-4686-923D-C91F9B81FA4C}"
EndProject
Project("{2150E333-8FDC-42A3-9474-1A3956D46DE8}") = "Catalog", "Catalog", "{CACD98FF-2BE8-455F-9A5E-C5665E29B50E}"
EndProject
Project("{2150E333-8FDC-42A3-9474-1A3956D46DE8}") = "Basket", "Basket", "{575C5E66-7F16-4BAC-A31D-083912757DA6}"
EndProject
Project("{2150E333-8FDC-42A3-9474-1A3956D46DE8}") = "Ordering", "Ordering", "{5F855461-7012-4DDD-BEC8-98868C457BEB}"
EndProject
Project("{FAE04EC0-301F-11D3-BF4B-00C04F79EFBC}") = "Catalog", "Modules\Catalog\Catalog\Catalog.csproj", "{719757AF-CA54-45EB-9B12-8134EBA4316F}"
EndProject
Project("{FAE04EC0-301F-11D3-BF4B-00C04F79EFBC}") = "Basket", "Modules\Basket\Basket\Basket.csproj", "{686A9828-304A-4752-B71D-012E787A1DC1}"
EndProject
Project("{FAE04EC0-301F-11D3-BF4B-00C04F79EFBC}") = "Ordering", "Modules\Ordering\Ordering\Ordering.csproj", "{BAC7BB5B-F809-4B9F-936E-4E881ED24600}"
EndProject
Project("{FAE04EC0-301F-11D3-BF4B-00C04F79EFBC}") = "Shared", "Shared\Shared\Shared.csproj", "{C7B59297-18CA-4CBB-BBB9-3D08DE463241}"
EndProject
Global
	GlobalSection(SolutionConfigurationPlatforms) = preSolution
		Debug|Any CPU = Debug|Any CPU
		Release|Any CPU = Release|Any CPU
	EndGlobalSection
	GlobalSection(ProjectConfigurationPlatforms) = postSolution
		{464109E1-D0BC-4686-923D-C91F9B81FA4C}.Debug|Any CPU.ActiveCfg = Debug|Any CPU
		{464109E1-D0BC-4686-923D-C91F9B81FA4C}.Debug|Any CPU.Build.0 = Debug|Any CPU
		{464109E1-D0BC-4686-923D-C91F9B81FA4C}.Release|Any CPU.ActiveCfg = Release|Any CPU
		{464109E1-D0BC-4686-923D-C91F9B81FA4C}.Release|Any CPU.Build.0 = Release|Any CPU
		{719757AF-CA54-45EB-9B12-8134EBA4316F}.Debug|Any CPU.ActiveCfg = Debug|Any CPU
		{719757AF-CA54-45EB-9B12-8134EBA4316F}.Debug|Any CPU.Build.0 = Debug|Any CPU
		{719757AF-CA54-45EB-9B12-8134EBA4316F}.Release|Any CPU.ActiveCfg = Release|Any CPU
		{719757AF-CA54-45EB-9B12-8134EBA4316F}.Release|Any CPU.Build.0 = Release|Any CPU
		{686A9828-304A-4752-B71D-012E787A1DC1}.Debug|Any CPU.ActiveCfg = Debug|Any CPU
		{686A9828-304A-4752-B71D-012E787A1DC1}.Debug|Any CPU.Build.0 = Debug|Any CPU
		{686A9828-304A-4752-B71D-012E787A1DC1}.Release|Any CPU.ActiveCfg = Release|Any CPU
		{686A9828-304A-4752-B71D-012E787A1DC1}.Release|Any CPU.Build.0 = Release|Any CPU
		{BAC7BB5B-F809-4B9F-936E-4E881ED24600}.Debug|Any CPU.ActiveCfg = Debug|Any CPU
		{BAC7BB5B-F809-4B9F-936E-4E881ED24600}.Debug|Any CPU.Build.0 = Debug|Any CPU
		{BAC7BB5B-F809-4B9F-936E-4E881ED24600}.Release|Any CPU.ActiveCfg = Release|Any CPU
		{BAC7BB5B-F809-4B9F-936E-4E881ED24600}.Release|Any CPU.Build.0 = Release|Any CPU
		{C7B59297-18CA-4CBB-BBB9-3D08DE463241}.Debug|Any CPU.ActiveCfg = Debug|Any CPU
		{C7B59297-18CA-4CBB-BBB9-3D08DE463241}.Debug|Any CPU.Build.0 = Debug|Any CPU
		{C7B59297-18CA-4CBB-BBB9-3D08DE463241}.Release|Any CPU.ActiveCfg = Release|Any CPU
		{C7B59297-18CA-4CBB-BBB9-3D08DE463241}.Release|Any CPU.Build.0 = Release|Any CPU
	EndGlobalSection
	GlobalSection(SolutionProperties) = preSolution
		HideSolutionNode = FALSE
	EndGlobalSection
	GlobalSection(NestedProjects) = preSolution
		{464109E1-D0BC-4686-923D-C91F9B81FA4C} = {02EA681E-C7D8-13C7-8484-4AC65E1B71E8}
		{CACD98FF-2BE8-455F-9A5E-C5665E29B50E} = {E64B04EA-4635-4BD6-8758-7337FAA90795}
		{575C5E66-7F16-4BAC-A31D-083912757DA6} = {E64B04EA-4635-4BD6-8758-7337FAA90795}
		{5F855461-7012-4DDD-BEC8-98868C457BEB} = {E64B04EA-4635-4BD6-8758-7337FAA90795}
		{719757AF-CA54-45EB-9B12-8134EBA4316F} = {CACD98FF-2BE8-455F-9A5E-C5665E29B50E}
		{686A9828-304A-4752-B71D-012E787A1DC1} = {575C5E66-7F16-4BAC-A31D-083912757DA6}
		{BAC7BB5B-F809-4B9F-936E-4E881ED24600} = {5F855461-7012-4DDD-BEC8-98868C457BEB}
		{C7B59297-18CA-4CBB-BBB9-3D08DE463241} = {D6C5A753-4229-4C6A-A853-0D6EC8238590}
	EndGlobalSection
	GlobalSection(ExtensibilityGlobals) = postSolution
		SolutionGuid = {8EB76E41-8566-48BB-8443-4BC3FECC1EC3}
	EndGlobalSection
EndGlobal
